
Microsoft Visual Studio Solution File, Format Version 12.00
# Visual Studio Version 17
VisualStudioVersion = 17.9.34728.123
MinimumVisualStudioVersion = 10.0.40219.1
Project("{FAE04EC0-301F-11D3-BF4B-00C04F79EFBC}") = "EBModMenu", "EBModMenu.csproj", "{42CC8BC2-0B4A-4D13-922B-F64B50D10B0C}"
EndProject
Project("{FAE04EC0-301F-11D3-BF4B-00C04F79EFBC}") = "ShrineFox.IO", "..\..\ShrineFox.IO\ShrineFox.IO.csproj", "{7640412A-7372-4925-B20C-0178D8818A8F}"
EndProject
Project("{FAE04EC0-301F-11D3-BF4B-00C04F79EFBC}") = "ChaosModeEditor", "..\ChaosModeEditor\ChaosModeEditor.csproj", "{FFC7B2CF-D57C-4869-BD47-BAB96DABAEC1}"
EndProject
Global
	GlobalSection(SolutionConfigurationPlatforms) = preSolution
		Debug|Any CPU = Debug|Any CPU
		Release|Any CPU = Release|Any CPU
	EndGlobalSection
	GlobalSection(ProjectConfigurationPlatforms) = postSolution
		{42CC8BC2-0B4A-4D13-922B-F64B50D10B0C}.Debug|Any CPU.ActiveCfg = Debug|Any CPU
		{42CC8BC2-0B4A-4D13-922B-F64B50D10B0C}.Debug|Any CPU.Build.0 = Debug|Any CPU
		{42CC8BC2-0B4A-4D13-922B-F64B50D10B0C}.Release|Any CPU.ActiveCfg = Release|Any CPU
		{42CC8BC2-0B4A-4D13-922B-F64B50D10B0C}.Release|Any CPU.Build.0 = Release|Any CPU
		{7640412A-7372-4925-B20C-0178D8818A8F}.Debug|Any CPU.ActiveCfg = Debug|Any CPU
		{7640412A-7372-4925-B20C-0178D8818A8F}.Debug|Any CPU.Build.0 = Debug|Any CPU
		{7640412A-7372-4925-B20C-0178D8818A8F}.Release|Any CPU.ActiveCfg = Release|Any CPU
		{7640412A-7372-4925-B20C-0178D8818A8F}.Release|Any CPU.Build.0 = Release|Any CPU
		{FFC7B2CF-D57C-4869-BD47-BAB96DABAEC1}.Debug|Any CPU.ActiveCfg = Debug|Any CPU
		{FFC7B2CF-D57C-4869-BD47-BAB96DABAEC1}.Debug|Any CPU.Build.0 = Debug|Any CPU
		{FFC7B2CF-D57C-4869-BD47-BAB96DABAEC1}.Release|Any CPU.ActiveCfg = Release|Any CPU
		{FFC7B2CF-D57C-4869-BD47-BAB96DABAEC1}.Release|Any CPU.Build.0 = Release|Any CPU
	EndGlobalSection
	GlobalSection(SolutionProperties) = preSolution
		HideSolutionNode = FALSE
	EndGlobalSection
	GlobalSection(ExtensibilityGlobals) = postSolution
		SolutionGuid = {110A994A-13AC-45E9-95F5-3F75E07B0C0D}
	EndGlobalSection
EndGlobal
